// !$*UTF8*$!
{
	archiveVersion = 1;
	classes = {
	};
	objectVersion = 50;
	objects = {

/* Begin PBXBuildFile section */
		01369A3C2585FFE900083535 /* AppDelegate.swift in Sources */ = {isa = PBXBuildFile; fileRef = 01369A3B2585FFE900083535 /* AppDelegate.swift */; };
		01369A3E2585FFE900083535 /* SceneDelegate.swift in Sources */ = {isa = PBXBuildFile; fileRef = 01369A3D2585FFE900083535 /* SceneDelegate.swift */; };
		01369A402585FFE900083535 /* ViewController.swift in Sources */ = {isa = PBXBuildFile; fileRef = 01369A3F2585FFE900083535 /* ViewController.swift */; };
		01369A432585FFE900083535 /* Main.storyboard in Resources */ = {isa = PBXBuildFile; fileRef = 01369A412585FFE900083535 /* Main.storyboard */; };
		01369A452585FFEA00083535 /* Assets.xcassets in Resources */ = {isa = PBXBuildFile; fileRef = 01369A442585FFEA00083535 /* Assets.xcassets */; };
		01369A482585FFEA00083535 /* LaunchScreen.storyboard in Resources */ = {isa = PBXBuildFile; fileRef = 01369A462585FFEA00083535 /* LaunchScreen.storyboard */; };
		01369A51258607F700083535 /* TipOne.swift in Sources */ = {isa = PBXBuildFile; fileRef = 01369A50258607F700083535 /* TipOne.swift */; };
		01369AB0258720FC00083535 /* TipThree.swift in Sources */ = {isa = PBXBuildFile; fileRef = 01369AAF258720FC00083535 /* TipThree.swift */; };
		01369AB32587213900083535 /* TipTwo.swift in Sources */ = {isa = PBXBuildFile; fileRef = 01369AB22587213900083535 /* TipTwo.swift */; };
		01369AB62587217000083535 /* TipFour.swift in Sources */ = {isa = PBXBuildFile; fileRef = 01369AB52587217000083535 /* TipFour.swift */; };
		01369ABA258721E800083535 /* TipFive.swift in Sources */ = {isa = PBXBuildFile; fileRef = 01369AB9258721E800083535 /* TipFive.swift */; };
/* End PBXBuildFile section */

/* Begin PBXFileReference section */
		01369A382585FFE900083535 /* SwiftTricks.app */ = {isa = PBXFileReference; explicitFileType = wrapper.application; includeInIndex = 0; path = SwiftTricks.app; sourceTree = BUILT_PRODUCTS_DIR; };
		01369A3B2585FFE900083535 /* AppDelegate.swift */ = {isa = PBXFileReference; lastKnownFileType = sourcecode.swift; path = AppDelegate.swift; sourceTree = "<group>"; };
		01369A3D2585FFE900083535 /* SceneDelegate.swift */ = {isa = PBXFileReference; lastKnownFileType = sourcecode.swift; path = SceneDelegate.swift; sourceTree = "<group>"; };
		01369A3F2585FFE900083535 /* ViewController.swift */ = {isa = PBXFileReference; lastKnownFileType = sourcecode.swift; path = ViewController.swift; sourceTree = "<group>"; };
		01369A422585FFE900083535 /* Base */ = {isa = PBXFileReference; lastKnownFileType = file.storyboard; name = Base; path = Base.lproj/Main.storyboard; sourceTree = "<group>"; };
		01369A442585FFEA00083535 /* Assets.xcassets */ = {isa = PBXFileReference; lastKnownFileType = folder.assetcatalog; path = Assets.xcassets; sourceTree = "<group>"; };
		01369A472585FFEA00083535 /* Base */ = {isa = PBXFileReference; lastKnownFileType = file.storyboard; name = Base; path = Base.lproj/LaunchScreen.storyboard; sourceTree = "<group>"; };
		01369A492585FFEA00083535 /* Info.plist */ = {isa = PBXFileReference; lastKnownFileType = text.plist.xml; path = Info.plist; sourceTree = "<group>"; };
		01369A50258607F700083535 /* TipOne.swift */ = {isa = PBXFileReference; lastKnownFileType = sourcecode.swift; path = TipOne.swift; sourceTree = "<group>"; };
		01369AAF258720FC00083535 /* TipThree.swift */ = {isa = PBXFileReference; lastKnownFileType = sourcecode.swift; path = TipThree.swift; sourceTree = "<group>"; };
		01369AB22587213900083535 /* TipTwo.swift */ = {isa = PBXFileReference; lastKnownFileType = sourcecode.swift; path = TipTwo.swift; sourceTree = "<group>"; };
		01369AB52587217000083535 /* TipFour.swift */ = {isa = PBXFileReference; lastKnownFileType = sourcecode.swift; path = TipFour.swift; sourceTree = "<group>"; };
		01369AB9258721E800083535 /* TipFive.swift */ = {isa = PBXFileReference; lastKnownFileType = sourcecode.swift; path = TipFive.swift; sourceTree = "<group>"; };
/* End PBXFileReference section */

/* Begin PBXFrameworksBuildPhase section */
		01369A352585FFE900083535 /* Frameworks */ = {
			isa = PBXFrameworksBuildPhase;
			buildActionMask = 2147483647;
			files = (
			);
			runOnlyForDeploymentPostprocessing = 0;
		};
/* End PBXFrameworksBuildPhase section */

/* Begin PBXGroup section */
		01369A2F2585FFE900083535 = {
			isa = PBXGroup;
			children = (
				01369A3A2585FFE900083535 /* SwiftTricks */,
				01369A392585FFE900083535 /* Products */,
			);
			sourceTree = "<group>";
		};
		01369A392585FFE900083535 /* Products */ = {
			isa = PBXGroup;
			children = (
				01369A382585FFE900083535 /* SwiftTricks.app */,
			);
			name = Products;
			sourceTree = "<group>";
		};
		01369A3A2585FFE900083535 /* SwiftTricks */ = {
			isa = PBXGroup;
			children = (
				01369A3B2585FFE900083535 /* AppDelegate.swift */,
				01369A3D2585FFE900083535 /* SceneDelegate.swift */,
				01369A3F2585FFE900083535 /* ViewController.swift */,
				01369AB9258721E800083535 /* TipFive.swift */,
				01369AB52587217000083535 /* TipFour.swift */,
				01369AAF258720FC00083535 /* TipThree.swift */,
				01369AB22587213900083535 /* TipTwo.swift */,
				01369A50258607F700083535 /* TipOne.swift */,
				01369A412585FFE900083535 /* Main.storyboard */,
				01369A442585FFEA00083535 /* Assets.xcassets */,
				01369A462585FFEA00083535 /* LaunchScreen.storyboard */,
				01369A492585FFEA00083535 /* Info.plist */,
			);
			path = SwiftTricks;
			sourceTree = "<group>";
		};
/* End PBXGroup section */

/* Begin PBXNativeTarget section */
		01369A372585FFE900083535 /* SwiftTricks */ = {
			isa = PBXNativeTarget;
			buildConfigurationList = 01369A4C2585FFEA00083535 /* Build configuration list for PBXNativeTarget "SwiftTricks" */;
			buildPhases = (
				01369A342585FFE900083535 /* Sources */,
				01369A352585FFE900083535 /* Frameworks */,
				01369A362585FFE900083535 /* Resources */,
			);
			buildRules = (
			);
			dependencies = (
			);
			name = SwiftTricks;
			productName = SwiftTricks;
			productReference = 01369A382585FFE900083535 /* SwiftTricks.app */;
			productType = "com.apple.product-type.application";
		};
/* End PBXNativeTarget section */

/* Begin PBXProject section */
		01369A302585FFE900083535 /* Project object */ = {
			isa = PBXProject;
			attributes = {
				LastSwiftUpdateCheck = 1220;
				LastUpgradeCheck = 1220;
				TargetAttributes = {
					01369A372585FFE900083535 = {
						CreatedOnToolsVersion = 12.2;
					};
				};
			};
			buildConfigurationList = 01369A332585FFE900083535 /* Build configuration list for PBXProject "SwiftTricks" */;
			compatibilityVersion = "Xcode 9.3";
			developmentRegion = en;
			hasScannedForEncodings = 0;
			knownRegions = (
				en,
				Base,
			);
			mainGroup = 01369A2F2585FFE900083535;
			productRefGroup = 01369A392585FFE900083535 /* Products */;
			projectDirPath = "";
			projectRoot = "";
			targets = (
				01369A372585FFE900083535 /* SwiftTricks */,
			);
		};
/* End PBXProject section */

/* Begin PBXResourcesBuildPhase section */
		01369A362585FFE900083535 /* Resources */ = {
			isa = PBXResourcesBuildPhase;
			buildActionMask = 2147483647;
			files = (
				01369A482585FFEA00083535 /* LaunchScreen.storyboard in Resources */,
				01369A452585FFEA00083535 /* Assets.xcassets in Resources */,
				01369A432585FFE900083535 /* Main.storyboard in Resources */,
			);
			runOnlyForDeploymentPostprocessing = 0;
		};
/* End PBXResourcesBuildPhase section */

/* Begin PBXSourcesBuildPhase section */
		01369A342585FFE900083535 /* Sources */ = {
			isa = PBXSourcesBuildPhase;
			buildActionMask = 2147483647;
			files = (
				01369A51258607F700083535 /* TipOne.swift in Sources */,
				01369AB32587213900083535 /* TipTwo.swift in Sources */,
				01369A402585FFE900083535 /* ViewController.swift in Sources */,
				01369ABA258721E800083535 /* TipFive.swift in Sources */,
				01369A3C2585FFE900083535 /* AppDelegate.swift in Sources */,
				01369AB62587217000083535 /* TipFour.swift in Sources */,
				01369AB0258720FC00083535 /* TipThree.swift in Sources */,
				01369A3E2585FFE900083535 /* SceneDelegate.swift in Sources */,
			);
			runOnlyForDeploymentPostprocessing = 0;
		};
/* End PBXSourcesBuildPhase section */

/* Begin PBXVariantGroup section */
		01369A412585FFE900083535 /* Main.storyboard */ = {
			isa = PBXVariantGroup;
			children = (
				01369A422585FFE900083535 /* Base */,
			);
			name = Main.storyboard;
			sourceTree = "<group>";
		};
		01369A462585FFEA00083535 /* LaunchScreen.storyboard */ = {
			isa = PBXVariantGroup;
			children = (
				01369A472585FFEA00083535 /* Base */,
			);
			name = LaunchScreen.storyboard;
			sourceTree = "<group>";
		};
/* End PBXVariantGroup section */

/* Begin XCBuildConfiguration section */
		01369A4A2585FFEA00083535 /* Debug */ = {
			isa = XCBuildConfiguration;
			buildSettings = {
				ALWAYS_SEARCH_USER_PATHS = NO;
				CLANG_ANALYZER_NONNULL = YES;
				CLANG_ANALYZER_NUMBER_OBJECT_CONVERSION = YES_AGGRESSIVE;
				CLANG_CXX_LANGUAGE_STANDARD = "gnu++14";
				CLANG_CXX_LIBRARY = "libc++";
				CLANG_ENABLE_MODULES = YES;
				CLANG_ENABLE_OBJC_ARC = YES;
				CLANG_ENABLE_OBJC_WEAK = YES;
				CLANG_WARN_BLOCK_CAPTURE_AUTORELEASING = YES;
				CLANG_WARN_BOOL_CONVERSION = YES;
				CLANG_WARN_COMMA = YES;
				CLANG_WARN_CONSTANT_CONVERSION = YES;
				CLANG_WARN_DEPRECATED_OBJC_IMPLEMENTATIONS = YES;
				CLANG_WARN_DIRECT_OBJC_ISA_USAGE = YES_ERROR;
				CLANG_WARN_DOCUMENTATION_COMMENTS = YES;
				CLANG_WARN_EMPTY_BODY = YES;
				CLANG_WARN_ENUM_CONVERSION = YES;
				CLANG_WARN_INFINITE_RECURSION = YES;
				CLANG_WARN_INT_CONVERSION = YES;
				CLANG_WARN_NON_LITERAL_NULL_CONVERSION = YES;
				CLANG_WARN_OBJC_IMPLICIT_RETAIN_SELF = YES;
				CLANG_WARN_OBJC_LITERAL_CONVERSION = YES;
				CLANG_WARN_OBJC_ROOT_CLASS = YES_ERROR;
				CLANG_WARN_QUOTED_INCLUDE_IN_FRAMEWORK_HEADER = YES;
				CLANG_WARN_RANGE_LOOP_ANALYSIS = YES;
				CLANG_WARN_STRICT_PROTOTYPES = YES;
				CLANG_WARN_SUSPICIOUS_MOVE = YES;
				CLANG_WARN_UNGUARDED_AVAILABILITY = YES_AGGRESSIVE;
				CLANG_WARN_UNREACHABLE_CODE = YES;
				CLANG_WARN__DUPLICATE_METHOD_MATCH = YES;
				COPY_PHASE_STRIP = NO;
				DEBUG_INFORMATION_FORMAT = dwarf;
				ENABLE_STRICT_OBJC_MSGSEND = YES;
				ENABLE_TESTABILITY = YES;
				GCC_C_LANGUAGE_STANDARD = gnu11;
				GCC_DYNAMIC_NO_PIC = NO;
				GCC_NO_COMMON_BLOCKS = YES;
				GCC_OPTIMIZATION_LEVEL = 0;
				GCC_PREPROCESSOR_DEFINITIONS = (
					"DEBUG=1",
					"$(inherited)",
				);
				GCC_WARN_64_TO_32_BIT_CONVERSION = YES;
				GCC_WARN_ABOUT_RETURN_TYPE = YES_ERROR;
				GCC_WARN_UNDECLARED_SELECTOR = YES;
				GCC_WARN_UNINITIALIZED_AUTOS = YES_AGGRESSIVE;
				GCC_WARN_UNUSED_FUNCTION = YES;
				GCC_WARN_UNUSED_VARIABLE = YES;
				IPHONEOS_DEPLOYMENT_TARGET = 14.2;
				MTL_ENABLE_DEBUG_INFO = INCLUDE_SOURCE;
				MTL_FAST_MATH = YES;
				ONLY_ACTIVE_ARCH = YES;
				SDKROOT = iphoneos;
				SWIFT_ACTIVE_COMPILATION_CONDITIONS = DEBUG;
				SWIFT_OPTIMIZATION_LEVEL = "-Onone";
			};
			name = Debug;
		};
		01369A4B2585FFEA00083535 /* Release */ = {
			isa = XCBuildConfiguration;
			buildSettings = {
				ALWAYS_SEARCH_USER_PATHS = NO;
				CLANG_ANALYZER_NONNULL = YES;
				CLANG_ANALYZER_NUMBER_OBJECT_CONVERSION = YES_AGGRESSIVE;
				CLANG_CXX_LANGUAGE_STANDARD = "gnu++14";
				CLANG_CXX_LIBRARY = "libc++";
				CLANG_ENABLE_MODULES = YES;
				CLANG_ENABLE_OBJC_ARC = YES;
				CLANG_ENABLE_OBJC_WEAK = YES;
				CLANG_WARN_BLOCK_CAPTURE_AUTORELEASING = YES;
				CLANG_WARN_BOOL_CONVERSION = YES;
				CLANG_WARN_COMMA = YES;
				CLANG_WARN_CONSTANT_CONVERSION = YES;
				CLANG_WARN_DEPRECATED_OBJC_IMPLEMENTATIONS = YES;
				CLANG_WARN_DIRECT_OBJC_ISA_USAGE = YES_ERROR;
				CLANG_WARN_DOCUMENTATION_COMMENTS = YES;
				CLANG_WARN_EMPTY_BODY = YES;
				CLANG_WARN_ENUM_CONVERSION = YES;
				CLANG_WARN_INFINITE_RECURSION = YES;
				CLANG_WARN_INT_CONVERSION = YES;
				CLANG_WARN_NON_LITERAL_NULL_CONVERSION = YES;
				CLANG_WARN_OBJC_IMPLICIT_RETAIN_SELF = YES;
				CLANG_WARN_OBJC_LITERAL_CONVERSION = YES;
				CLANG_WARN_OBJC_ROOT_CLASS = YES_ERROR;
				CLANG_WARN_QUOTED_INCLUDE_IN_FRAMEWORK_HEADER = YES;
				CLANG_WARN_RANGE_LOOP_ANALYSIS = YES;
				CLANG_WARN_STRICT_PROTOTYPES = YES;
				CLANG_WARN_SUSPICIOUS_MOVE = YES;
				CLANG_WARN_UNGUARDED_AVAILABILITY = YES_AGGRESSIVE;
				CLANG_WARN_UNREACHABLE_CODE = YES;
				CLANG_WARN__DUPLICATE_METHOD_MATCH = YES;
				COPY_PHASE_STRIP = NO;
				DEBUG_INFORMATION_FORMAT = "dwarf-with-dsym";
				ENABLE_NS_ASSERTIONS = NO;
				ENABLE_STRICT_OBJC_MSGSEND = YES;
				GCC_C_LANGUAGE_STANDARD = gnu11;
				GCC_NO_COMMON_BLOCKS = YES;
				GCC_WARN_64_TO_32_BIT_CONVERSION = YES;
				GCC_WARN_ABOUT_RETURN_TYPE = YES_ERROR;
				GCC_WARN_UNDECLARED_SELECTOR = YES;
				GCC_WARN_UNINITIALIZED_AUTOS = YES_AGGRESSIVE;
				GCC_WARN_UNUSED_FUNCTION = YES;
				GCC_WARN_UNUSED_VARIABLE = YES;
				IPHONEOS_DEPLOYMENT_TARGET = 14.2;
				MTL_ENABLE_DEBUG_INFO = NO;
				MTL_FAST_MATH = YES;
				SDKROOT = iphoneos;
				SWIFT_COMPILATION_MODE = wholemodule;
				SWIFT_OPTIMIZATION_LEVEL = "-O";
				VALIDATE_PRODUCT = YES;
			};
			name = Release;
		};
		01369A4D2585FFEA00083535 /* Debug */ = {
			isa = XCBuildConfiguration;
			buildSettings = {
				ASSETCATALOG_COMPILER_APPICON_NAME = AppIcon;
				ASSETCATALOG_COMPILER_GLOBAL_ACCENT_COLOR_NAME = AccentColor;
				CODE_SIGN_STYLE = Automatic;
				DEVELOPMENT_TEAM = R986STKYJ7;
				INFOPLIST_FILE = SwiftTricks/Info.plist;
				LD_RUNPATH_SEARCH_PATHS = (
					"$(inherited)",
					"@executable_path/Frameworks",
				);
				PRODUCT_BUNDLE_IDENTIFIER = com.ByCyril.SwiftTricks;
				PRODUCT_NAME = "$(TARGET_NAME)";
				SWIFT_VERSION = 5.0;
				TARGETED_DEVICE_FAMILY = "1,2";
			};
			name = Debug;
		};
		01369A4E2585FFEA00083535 /* Release */ = {
			isa = XCBuildConfiguration;
			buildSettings = {
				ASSETCATALOG_COMPILER_APPICON_NAME = AppIcon;
				ASSETCATALOG_COMPILER_GLOBAL_ACCENT_COLOR_NAME = AccentColor;
				CODE_SIGN_STYLE = Automatic;
				DEVELOPMENT_TEAM = R986STKYJ7;
				INFOPLIST_FILE = SwiftTricks/Info.plist;
				LD_RUNPATH_SEARCH_PATHS = (
					"$(inherited)",
					"@executable_path/Frameworks",
				);
				PRODUCT_BUNDLE_IDENTIFIER = com.ByCyril.SwiftTricks;
				PRODUCT_NAME = "$(TARGET_NAME)";
				SWIFT_VERSION = 5.0;
				TARGETED_DEVICE_FAMILY = "1,2";
			};
			name = Release;
		};
/* End XCBuildConfiguration section */

/* Begin XCConfigurationList section */
		01369A332585FFE900083535 /* Build configuration list for PBXProject "SwiftTricks" */ = {
			isa = XCConfigurationList;
			buildConfigurations = (
				01369A4A2585FFEA00083535 /* Debug */,
				01369A4B2585FFEA00083535 /* Release */,
			);
			defaultConfigurationIsVisible = 0;
			defaultConfigurationName = Release;
		};
		01369A4C2585FFEA00083535 /* Build configuration list for PBXNativeTarget "SwiftTricks" */ = {
			isa = XCConfigurationList;
			buildConfigurations = (
				01369A4D2585FFEA00083535 /* Debug */,
				01369A4E2585FFEA00083535 /* Release */,
			);
			defaultConfigurationIsVisible = 0;
			defaultConfigurationName = Release;
		};
/* End XCConfigurationList section */
	};
	rootObject = 01369A302585FFE900083535 /* Project object */;
}
